
Microsoft Visual Studio Solution File, Format Version 12.00
# Visual Studio Version 16
VisualStudioVersion = 16.0.31005.135
MinimumVisualStudioVersion = 10.0.40219.1
Project("{FAE04EC0-301F-11D3-BF4B-00C04F79EFBC}") = "ApplicationTEST", "ApplicationTEST\ApplicationTEST.csproj", "{6173C114-3F24-4C47-8281-BFA679CB966D}"
EndProject
Global
	GlobalSection(SolutionConfigurationPlatforms) = preSolution
		Debug|Any CPU = Debug|Any CPU
		Release|Any CPU = Release|Any CPU
	EndGlobalSection
	GlobalSection(ProjectConfigurationPlatforms) = postSolution
		{6173C114-3F24-4C47-8281-BFA679CB966D}.Debug|Any CPU.ActiveCfg = Debug|Any CPU
		{6173C114-3F24-4C47-8281-BFA679CB966D}.Debug|Any CPU.Build.0 = Debug|Any CPU
		{6173C114-3F24-4C47-8281-BFA679CB966D}.Release|Any CPU.ActiveCfg = Release|Any CPU
		{6173C114-3F24-4C47-8281-BFA679CB966D}.Release|Any CPU.Build.0 = Release|Any CPU
	EndGlobalSection
	GlobalSection(SolutionProperties) = preSolution
		HideSolutionNode = FALSE
	EndGlobalSection
	GlobalSection(ExtensibilityGlobals) = postSolution
		SolutionGuid = {44BDB098-4C20-4CAC-A2E8-C2EAC612D04F}
	EndGlobalSection
EndGlobal
